
Microsoft Visual Studio Solution File, Format Version 11.00
# Visual Studio 2010
Project("{FAE04EC0-301F-11D3-BF4B-00C04F79EFBC}") = "prog1", "Assembly-CSharp.csproj", "{FBFFC9A7-F0A4-A8AF-3499-D8B7BC32E7B9}"
EndProject
Global
	GlobalSection(SolutionConfigurationPlatforms) = preSolution
		Debug|Any CPU = Debug|Any CPU
		Release|Any CPU = Release|Any CPU
	EndGlobalSection
	GlobalSection(ProjectConfigurationPlatforms) = postSolution
		{FBFFC9A7-F0A4-A8AF-3499-D8B7BC32E7B9}.Debug|Any CPU.ActiveCfg = Debug|Any CPU
		{FBFFC9A7-F0A4-A8AF-3499-D8B7BC32E7B9}.Debug|Any CPU.Build.0 = Debug|Any CPU
		{FBFFC9A7-F0A4-A8AF-3499-D8B7BC32E7B9}.Release|Any CPU.ActiveCfg = Release|Any CPU
		{FBFFC9A7-F0A4-A8AF-3499-D8B7BC32E7B9}.Release|Any CPU.Build.0 = Release|Any CPU
	EndGlobalSection
	GlobalSection(SolutionProperties) = preSolution
		HideSolutionNode = FALSE
	EndGlobalSection
	GlobalSection(MonoDevelopProperties) = preSolution
		StartupItem = Assembly-CSharp.csproj
	EndGlobalSection
EndGlobal
